
Microsoft Visual Studio Solution File, Format Version 12.00
# Visual Studio Version 17
VisualStudioVersion = 17.8.34330.188
MinimumVisualStudioVersion = 10.0.40219.1
Project("{FAE04EC0-301F-11D3-BF4B-00C04F79EFBC}") = "iteem", "iteem\iteem.csproj", "{D580F84B-33FC-4735-9EC5-DAAEC640F010}"
EndProject
Project("{FAE04EC0-301F-11D3-BF4B-00C04F79EFBC}") = "iteem_Library", "iteem_Library\iteem_Library.csproj", "{F246F94F-F8E0-44CD-82AB-300457C560AA}"
	ProjectSection(ProjectDependencies) = postProject
		{D580F84B-33FC-4735-9EC5-DAAEC640F010} = {D580F84B-33FC-4735-9EC5-DAAEC640F010}
	EndProjectSection
EndProject
Global
	GlobalSection(SolutionConfigurationPlatforms) = preSolution
		Debug|Any CPU = Debug|Any CPU
		Release|Any CPU = Release|Any CPU
	EndGlobalSection
	GlobalSection(ProjectConfigurationPlatforms) = postSolution
		{D580F84B-33FC-4735-9EC5-DAAEC640F010}.Debug|Any CPU.ActiveCfg = Debug|Any CPU
		{D580F84B-33FC-4735-9EC5-DAAEC640F010}.Debug|Any CPU.Build.0 = Debug|Any CPU
		{D580F84B-33FC-4735-9EC5-DAAEC640F010}.Release|Any CPU.ActiveCfg = Release|Any CPU
		{D580F84B-33FC-4735-9EC5-DAAEC640F010}.Release|Any CPU.Build.0 = Release|Any CPU
		{F246F94F-F8E0-44CD-82AB-300457C560AA}.Debug|Any CPU.ActiveCfg = Debug|Any CPU
		{F246F94F-F8E0-44CD-82AB-300457C560AA}.Debug|Any CPU.Build.0 = Debug|Any CPU
		{F246F94F-F8E0-44CD-82AB-300457C560AA}.Release|Any CPU.ActiveCfg = Release|Any CPU
		{F246F94F-F8E0-44CD-82AB-300457C560AA}.Release|Any CPU.Build.0 = Release|Any CPU
	EndGlobalSection
	GlobalSection(SolutionProperties) = preSolution
		HideSolutionNode = FALSE
	EndGlobalSection
	GlobalSection(ExtensibilityGlobals) = postSolution
		SolutionGuid = {D9254A70-2566-4FD0-8779-56A8D158A69E}
	EndGlobalSection
EndGlobal
