
Microsoft Visual Studio Solution File, Format Version 12.00
# Visual Studio Version 17
VisualStudioVersion = 17.5.33502.453
MinimumVisualStudioVersion = 10.0.40219.1
Project("{FAE04EC0-301F-11D3-BF4B-00C04F79EFBC}") = "FormExoCpn", "FormExoCpn\FormExoCpn.csproj", "{57A62137-31A2-4A95-BB6C-C7ADE086FEB7}"
EndProject
Global
	GlobalSection(SolutionConfigurationPlatforms) = preSolution
		Debug|Any CPU = Debug|Any CPU
		Release|Any CPU = Release|Any CPU
	EndGlobalSection
	GlobalSection(ProjectConfigurationPlatforms) = postSolution
		{57A62137-31A2-4A95-BB6C-C7ADE086FEB7}.Debug|Any CPU.ActiveCfg = Debug|Any CPU
		{57A62137-31A2-4A95-BB6C-C7ADE086FEB7}.Debug|Any CPU.Build.0 = Debug|Any CPU
		{57A62137-31A2-4A95-BB6C-C7ADE086FEB7}.Release|Any CPU.ActiveCfg = Release|Any CPU
		{57A62137-31A2-4A95-BB6C-C7ADE086FEB7}.Release|Any CPU.Build.0 = Release|Any CPU
	EndGlobalSection
	GlobalSection(SolutionProperties) = preSolution
		HideSolutionNode = FALSE
	EndGlobalSection
	GlobalSection(ExtensibilityGlobals) = postSolution
		SolutionGuid = {892ED4D1-04E6-4350-888D-B4A6A39663DD}
	EndGlobalSection
EndGlobal
