
Microsoft Visual Studio Solution File, Format Version 12.00
# Visual Studio Version 17
VisualStudioVersion = 17.5.33627.172
MinimumVisualStudioVersion = 10.0.40219.1
Project("{FAE04EC0-301F-11D3-BF4B-00C04F79EFBC}") = "task_Manager", "task_Manager\task_Manager.csproj", "{95456EE6-8B43-4E10-9EB9-07A5787115AC}"
EndProject
Global
	GlobalSection(SolutionConfigurationPlatforms) = preSolution
		Debug|Any CPU = Debug|Any CPU
		Release|Any CPU = Release|Any CPU
	EndGlobalSection
	GlobalSection(ProjectConfigurationPlatforms) = postSolution
		{95456EE6-8B43-4E10-9EB9-07A5787115AC}.Debug|Any CPU.ActiveCfg = Debug|Any CPU
		{95456EE6-8B43-4E10-9EB9-07A5787115AC}.Debug|Any CPU.Build.0 = Debug|Any CPU
		{95456EE6-8B43-4E10-9EB9-07A5787115AC}.Release|Any CPU.ActiveCfg = Release|Any CPU
		{95456EE6-8B43-4E10-9EB9-07A5787115AC}.Release|Any CPU.Build.0 = Release|Any CPU
	EndGlobalSection
	GlobalSection(SolutionProperties) = preSolution
		HideSolutionNode = FALSE
	EndGlobalSection
	GlobalSection(ExtensibilityGlobals) = postSolution
		SolutionGuid = {55784FE9-4366-4A4E-AE38-57DCDEE1D022}
	EndGlobalSection
EndGlobal
