
Microsoft Visual Studio Solution File, Format Version 12.00
# Visual Studio Version 17
VisualStudioVersion = 17.8.34309.116
MinimumVisualStudioVersion = 10.0.40219.1
Project("{FAE04EC0-301F-11D3-BF4B-00C04F79EFBC}") = "Calculatrice", "Calculatrice\Calculatrice.csproj", "{3CA10FFD-FD43-4784-97E4-D9C165E8E80B}"
EndProject
Global
	GlobalSection(SolutionConfigurationPlatforms) = preSolution
		Debug|Any CPU = Debug|Any CPU
		Release|Any CPU = Release|Any CPU
	EndGlobalSection
	GlobalSection(ProjectConfigurationPlatforms) = postSolution
		{3CA10FFD-FD43-4784-97E4-D9C165E8E80B}.Debug|Any CPU.ActiveCfg = Debug|Any CPU
		{3CA10FFD-FD43-4784-97E4-D9C165E8E80B}.Debug|Any CPU.Build.0 = Debug|Any CPU
		{3CA10FFD-FD43-4784-97E4-D9C165E8E80B}.Release|Any CPU.ActiveCfg = Release|Any CPU
		{3CA10FFD-FD43-4784-97E4-D9C165E8E80B}.Release|Any CPU.Build.0 = Release|Any CPU
	EndGlobalSection
	GlobalSection(SolutionProperties) = preSolution
		HideSolutionNode = FALSE
	EndGlobalSection
	GlobalSection(ExtensibilityGlobals) = postSolution
		SolutionGuid = {EF9AA236-9733-43DC-933A-B6A0C97E52D0}
	EndGlobalSection
EndGlobal
