
Microsoft Visual Studio Solution File, Format Version 12.00
# Visual Studio Version 17
VisualStudioVersion = 17.8.34330.188
MinimumVisualStudioVersion = 10.0.40219.1
Project("{FAE04EC0-301F-11D3-BF4B-00C04F79EFBC}") = "exam_s2Csharp", "exam_s2Csharp\exam_s2Csharp.csproj", "{CAFFAE77-41DD-4958-B425-789973D0AD4D}"
EndProject
Global
	GlobalSection(SolutionConfigurationPlatforms) = preSolution
		Debug|Any CPU = Debug|Any CPU
		Release|Any CPU = Release|Any CPU
	EndGlobalSection
	GlobalSection(ProjectConfigurationPlatforms) = postSolution
		{CAFFAE77-41DD-4958-B425-789973D0AD4D}.Debug|Any CPU.ActiveCfg = Debug|Any CPU
		{CAFFAE77-41DD-4958-B425-789973D0AD4D}.Debug|Any CPU.Build.0 = Debug|Any CPU
		{CAFFAE77-41DD-4958-B425-789973D0AD4D}.Release|Any CPU.ActiveCfg = Release|Any CPU
		{CAFFAE77-41DD-4958-B425-789973D0AD4D}.Release|Any CPU.Build.0 = Release|Any CPU
	EndGlobalSection
	GlobalSection(SolutionProperties) = preSolution
		HideSolutionNode = FALSE
	EndGlobalSection
	GlobalSection(ExtensibilityGlobals) = postSolution
		SolutionGuid = {ED4B7C94-5743-4933-87D2-D06D49BAF653}
	EndGlobalSection
EndGlobal
