
Microsoft Visual Studio Solution File, Format Version 12.00
# Visual Studio Version 17
VisualStudioVersion = 17.5.33627.172
MinimumVisualStudioVersion = 10.0.40219.1
Project("{FAE04EC0-301F-11D3-BF4B-00C04F79EFBC}") = "form1", "form1\form1.csproj", "{D9C094B1-1364-4711-80E0-DE2F5563E1CA}"
EndProject
Global
	GlobalSection(SolutionConfigurationPlatforms) = preSolution
		Debug|Any CPU = Debug|Any CPU
		Release|Any CPU = Release|Any CPU
	EndGlobalSection
	GlobalSection(ProjectConfigurationPlatforms) = postSolution
		{D9C094B1-1364-4711-80E0-DE2F5563E1CA}.Debug|Any CPU.ActiveCfg = Debug|Any CPU
		{D9C094B1-1364-4711-80E0-DE2F5563E1CA}.Debug|Any CPU.Build.0 = Debug|Any CPU
		{D9C094B1-1364-4711-80E0-DE2F5563E1CA}.Release|Any CPU.ActiveCfg = Release|Any CPU
		{D9C094B1-1364-4711-80E0-DE2F5563E1CA}.Release|Any CPU.Build.0 = Release|Any CPU
	EndGlobalSection
	GlobalSection(SolutionProperties) = preSolution
		HideSolutionNode = FALSE
	EndGlobalSection
	GlobalSection(ExtensibilityGlobals) = postSolution
		SolutionGuid = {E5C4DE21-03DC-4D7F-891A-E689FAD78AD1}
	EndGlobalSection
EndGlobal
